
Microsoft Visual Studio Solution File, Format Version 12.00
# Visual Studio 15
VisualStudioVersion = 15.0.27703.2042
MinimumVisualStudioVersion = 10.0.40219.1
Project("{8BC9CEB8-8B4A-11D0-8D11-00A0C91BC942}") = "StructuredBindings", "StructuredBindings.vcxproj", "{14D0EC84-CC0E-4AC2-B48D-13B916D5CF9D}"
EndProject
Global
	GlobalSection(SolutionConfigurationPlatforms) = preSolution
		Debug|x64 = Debug|x64
		Debug|x86 = Debug|x86
		Release|x64 = Release|x64
		Release|x86 = Release|x86
	EndGlobalSection
	GlobalSection(ProjectConfigurationPlatforms) = postSolution
		{14D0EC84-CC0E-4AC2-B48D-13B916D5CF9D}.Debug|x64.ActiveCfg = Debug|x64
		{14D0EC84-CC0E-4AC2-B48D-13B916D5CF9D}.Debug|x64.Build.0 = Debug|x64
		{14D0EC84-CC0E-4AC2-B48D-13B916D5CF9D}.Debug|x86.ActiveCfg = Debug|Win32
		{14D0EC84-CC0E-4AC2-B48D-13B916D5CF9D}.Debug|x86.Build.0 = Debug|Win32
		{14D0EC84-CC0E-4AC2-B48D-13B916D5CF9D}.Release|x64.ActiveCfg = Release|x64
		{14D0EC84-CC0E-4AC2-B48D-13B916D5CF9D}.Release|x64.Build.0 = Release|x64
		{14D0EC84-CC0E-4AC2-B48D-13B916D5CF9D}.Release|x86.ActiveCfg = Release|Win32
		{14D0EC84-CC0E-4AC2-B48D-13B916D5CF9D}.Release|x86.Build.0 = Release|Win32
	EndGlobalSection
	GlobalSection(SolutionProperties) = preSolution
		HideSolutionNode = FALSE
	EndGlobalSection
	GlobalSection(ExtensibilityGlobals) = postSolution
		SolutionGuid = {DA42F322-66A0-46B2-A714-C80B9EC0D759}
	EndGlobalSection
EndGlobal
